
Microsoft Visual Studio Solution File, Format Version 12.00
# Visual Studio 2012
Project("{FAE04EC0-301F-11D3-BF4B-00C04F79EFBC}") = "aetbetc_croissant", "aetb_croissant\aetbetc_croissant.csproj", "{099FFE56-F27E-4A13-92FC-FDB9431307A8}"
EndProject
Project("{FAE04EC0-301F-11D3-BF4B-00C04F79EFBC}") = "aetb", "aetbetc\aetb.csproj", "{A10C8DD6-D663-4144-87EC-4D3E29029FB0}"
EndProject
Project("{FAE04EC0-301F-11D3-BF4B-00C04F79EFBC}") = "recherche_diviseur", "recherche_diviseur\recherche_diviseur.csproj", "{AE3D1318-9337-4BD3-94A8-D24DF74F99B4}"
EndProject
Project("{FAE04EC0-301F-11D3-BF4B-00C04F79EFBC}") = "valeur_absolue", "valeur_absolue\valeur_absolue.csproj", "{33069C41-C2A7-4553-A43C-87AF1B4D289A}"
EndProject
Project("{FAE04EC0-301F-11D3-BF4B-00C04F79EFBC}") = "valeur_absolue2", "valeur_absolue2\valeur_absolue2.csproj", "{1521E6C2-505B-4F9C-963F-18C1378775D5}"
EndProject
Project("{FAE04EC0-301F-11D3-BF4B-00C04F79EFBC}") = "equation", "equation\equation.csproj", "{29EBD6C6-3607-428D-BAE6-40B18E2EF24C}"
EndProject
Project("{FAE04EC0-301F-11D3-BF4B-00C04F79EFBC}") = "equation_simple", "equation_simple\equation_simple.csproj", "{86E4505C-80C1-489D-BD80-1858A11687B1}"
EndProject
Project("{FAE04EC0-301F-11D3-BF4B-00C04F79EFBC}") = "annee_bissextile", "annee_bissextile\annee_bissextile.csproj", "{885D752C-3E65-429D-A003-1B907D31CF55}"
EndProject
Project("{FAE04EC0-301F-11D3-BF4B-00C04F79EFBC}") = "annee_bissextile_2", "annee_bissextile_2\annee_bissextile_2.csproj", "{FFDA75F6-A3C6-4410-B96F-1E1DDD38E035}"
EndProject
Project("{FAE04EC0-301F-11D3-BF4B-00C04F79EFBC}") = "annee_bissextil_3", "annee_bissextil_3\annee_bissextil_3.csproj", "{D17A927D-5A30-4D25-89AA-90A70644FF0E}"
EndProject
Global
	GlobalSection(SolutionConfigurationPlatforms) = preSolution
		Debug|Any CPU = Debug|Any CPU
		Release|Any CPU = Release|Any CPU
	EndGlobalSection
	GlobalSection(ProjectConfigurationPlatforms) = postSolution
		{099FFE56-F27E-4A13-92FC-FDB9431307A8}.Debug|Any CPU.ActiveCfg = Debug|Any CPU
		{099FFE56-F27E-4A13-92FC-FDB9431307A8}.Debug|Any CPU.Build.0 = Debug|Any CPU
		{099FFE56-F27E-4A13-92FC-FDB9431307A8}.Release|Any CPU.ActiveCfg = Release|Any CPU
		{099FFE56-F27E-4A13-92FC-FDB9431307A8}.Release|Any CPU.Build.0 = Release|Any CPU
		{A10C8DD6-D663-4144-87EC-4D3E29029FB0}.Debug|Any CPU.ActiveCfg = Debug|Any CPU
		{A10C8DD6-D663-4144-87EC-4D3E29029FB0}.Debug|Any CPU.Build.0 = Debug|Any CPU
		{A10C8DD6-D663-4144-87EC-4D3E29029FB0}.Release|Any CPU.ActiveCfg = Release|Any CPU
		{A10C8DD6-D663-4144-87EC-4D3E29029FB0}.Release|Any CPU.Build.0 = Release|Any CPU
		{AE3D1318-9337-4BD3-94A8-D24DF74F99B4}.Debug|Any CPU.ActiveCfg = Debug|Any CPU
		{AE3D1318-9337-4BD3-94A8-D24DF74F99B4}.Debug|Any CPU.Build.0 = Debug|Any CPU
		{AE3D1318-9337-4BD3-94A8-D24DF74F99B4}.Release|Any CPU.ActiveCfg = Release|Any CPU
		{AE3D1318-9337-4BD3-94A8-D24DF74F99B4}.Release|Any CPU.Build.0 = Release|Any CPU
		{33069C41-C2A7-4553-A43C-87AF1B4D289A}.Debug|Any CPU.ActiveCfg = Debug|Any CPU
		{33069C41-C2A7-4553-A43C-87AF1B4D289A}.Debug|Any CPU.Build.0 = Debug|Any CPU
		{33069C41-C2A7-4553-A43C-87AF1B4D289A}.Release|Any CPU.ActiveCfg = Release|Any CPU
		{33069C41-C2A7-4553-A43C-87AF1B4D289A}.Release|Any CPU.Build.0 = Release|Any CPU
		{1521E6C2-505B-4F9C-963F-18C1378775D5}.Debug|Any CPU.ActiveCfg = Debug|Any CPU
		{1521E6C2-505B-4F9C-963F-18C1378775D5}.Debug|Any CPU.Build.0 = Debug|Any CPU
		{1521E6C2-505B-4F9C-963F-18C1378775D5}.Release|Any CPU.ActiveCfg = Release|Any CPU
		{1521E6C2-505B-4F9C-963F-18C1378775D5}.Release|Any CPU.Build.0 = Release|Any CPU
		{29EBD6C6-3607-428D-BAE6-40B18E2EF24C}.Debug|Any CPU.ActiveCfg = Debug|Any CPU
		{29EBD6C6-3607-428D-BAE6-40B18E2EF24C}.Debug|Any CPU.Build.0 = Debug|Any CPU
		{29EBD6C6-3607-428D-BAE6-40B18E2EF24C}.Release|Any CPU.ActiveCfg = Release|Any CPU
		{29EBD6C6-3607-428D-BAE6-40B18E2EF24C}.Release|Any CPU.Build.0 = Release|Any CPU
		{86E4505C-80C1-489D-BD80-1858A11687B1}.Debug|Any CPU.ActiveCfg = Debug|Any CPU
		{86E4505C-80C1-489D-BD80-1858A11687B1}.Debug|Any CPU.Build.0 = Debug|Any CPU
		{86E4505C-80C1-489D-BD80-1858A11687B1}.Release|Any CPU.ActiveCfg = Release|Any CPU
		{86E4505C-80C1-489D-BD80-1858A11687B1}.Release|Any CPU.Build.0 = Release|Any CPU
		{885D752C-3E65-429D-A003-1B907D31CF55}.Debug|Any CPU.ActiveCfg = Debug|Any CPU
		{885D752C-3E65-429D-A003-1B907D31CF55}.Debug|Any CPU.Build.0 = Debug|Any CPU
		{885D752C-3E65-429D-A003-1B907D31CF55}.Release|Any CPU.ActiveCfg = Release|Any CPU
		{885D752C-3E65-429D-A003-1B907D31CF55}.Release|Any CPU.Build.0 = Release|Any CPU
		{FFDA75F6-A3C6-4410-B96F-1E1DDD38E035}.Debug|Any CPU.ActiveCfg = Debug|Any CPU
		{FFDA75F6-A3C6-4410-B96F-1E1DDD38E035}.Debug|Any CPU.Build.0 = Debug|Any CPU
		{FFDA75F6-A3C6-4410-B96F-1E1DDD38E035}.Release|Any CPU.ActiveCfg = Release|Any CPU
		{FFDA75F6-A3C6-4410-B96F-1E1DDD38E035}.Release|Any CPU.Build.0 = Release|Any CPU
		{D17A927D-5A30-4D25-89AA-90A70644FF0E}.Debug|Any CPU.ActiveCfg = Debug|Any CPU
		{D17A927D-5A30-4D25-89AA-90A70644FF0E}.Debug|Any CPU.Build.0 = Debug|Any CPU
		{D17A927D-5A30-4D25-89AA-90A70644FF0E}.Release|Any CPU.ActiveCfg = Release|Any CPU
		{D17A927D-5A30-4D25-89AA-90A70644FF0E}.Release|Any CPU.Build.0 = Release|Any CPU
	EndGlobalSection
	GlobalSection(SolutionProperties) = preSolution
		HideSolutionNode = FALSE
	EndGlobalSection
EndGlobal
