
Microsoft Visual Studio Solution File, Format Version 12.00
# Visual Studio 2012
Project("{FAE04EC0-301F-11D3-BF4B-00C04F79EFBC}") = "belle_journée", "belle_journée\belle_journée.csproj", "{80A4A79D-55D0-4CB2-94E1-74784BCA4FC8}"
EndProject
Project("{FAE04EC0-301F-11D3-BF4B-00C04F79EFBC}") = "intérêt", "intérêt\intérêt.csproj", "{AEFF10F6-3F4A-4088-A797-D696EE8113F7}"
EndProject
Global
	GlobalSection(SolutionConfigurationPlatforms) = preSolution
		Debug|Any CPU = Debug|Any CPU
		Release|Any CPU = Release|Any CPU
	EndGlobalSection
	GlobalSection(ProjectConfigurationPlatforms) = postSolution
		{80A4A79D-55D0-4CB2-94E1-74784BCA4FC8}.Debug|Any CPU.ActiveCfg = Debug|Any CPU
		{80A4A79D-55D0-4CB2-94E1-74784BCA4FC8}.Debug|Any CPU.Build.0 = Debug|Any CPU
		{80A4A79D-55D0-4CB2-94E1-74784BCA4FC8}.Release|Any CPU.ActiveCfg = Release|Any CPU
		{80A4A79D-55D0-4CB2-94E1-74784BCA4FC8}.Release|Any CPU.Build.0 = Release|Any CPU
		{AEFF10F6-3F4A-4088-A797-D696EE8113F7}.Debug|Any CPU.ActiveCfg = Debug|Any CPU
		{AEFF10F6-3F4A-4088-A797-D696EE8113F7}.Debug|Any CPU.Build.0 = Debug|Any CPU
		{AEFF10F6-3F4A-4088-A797-D696EE8113F7}.Release|Any CPU.ActiveCfg = Release|Any CPU
		{AEFF10F6-3F4A-4088-A797-D696EE8113F7}.Release|Any CPU.Build.0 = Release|Any CPU
	EndGlobalSection
	GlobalSection(SolutionProperties) = preSolution
		HideSolutionNode = FALSE
	EndGlobalSection
EndGlobal
