
Microsoft Visual Studio Solution File, Format Version 12.00
# Visual Studio 2012
Project("{FAE04EC0-301F-11D3-BF4B-00C04F79EFBC}") = "sphère", "sphère\sphère.csproj", "{32B4DEB3-9ADB-44A2-BDF9-747440ED48DD}"
EndProject
Global
	GlobalSection(SolutionConfigurationPlatforms) = preSolution
		Debug|Any CPU = Debug|Any CPU
		Release|Any CPU = Release|Any CPU
	EndGlobalSection
	GlobalSection(ProjectConfigurationPlatforms) = postSolution
		{32B4DEB3-9ADB-44A2-BDF9-747440ED48DD}.Debug|Any CPU.ActiveCfg = Debug|Any CPU
		{32B4DEB3-9ADB-44A2-BDF9-747440ED48DD}.Debug|Any CPU.Build.0 = Debug|Any CPU
		{32B4DEB3-9ADB-44A2-BDF9-747440ED48DD}.Release|Any CPU.ActiveCfg = Release|Any CPU
		{32B4DEB3-9ADB-44A2-BDF9-747440ED48DD}.Release|Any CPU.Build.0 = Release|Any CPU
	EndGlobalSection
	GlobalSection(SolutionProperties) = preSolution
		HideSolutionNode = FALSE
	EndGlobalSection
EndGlobal
