
Microsoft Visual Studio Solution File, Format Version 12.00
# Visual Studio 2012
Project("{FAE04EC0-301F-11D3-BF4B-00C04F79EFBC}") = "1", "1\1.csproj", "{F3847153-18FB-4C2B-8C16-55E0606EC0FA}"
EndProject
Project("{FAE04EC0-301F-11D3-BF4B-00C04F79EFBC}") = "equation_complique", "equation_complique\equation_complique.csproj", "{D6BEB3AE-04CA-4A0F-AFA9-2F7496E77A08}"
EndProject
Project("{FAE04EC0-301F-11D3-BF4B-00C04F79EFBC}") = "ConsoleApplication1", "ConsoleApplication1\ConsoleApplication1.csproj", "{1D6E9DBC-AE68-400D-AAA9-7F1179AB3C16}"
EndProject
Global
	GlobalSection(SolutionConfigurationPlatforms) = preSolution
		Debug|Any CPU = Debug|Any CPU
		Release|Any CPU = Release|Any CPU
	EndGlobalSection
	GlobalSection(ProjectConfigurationPlatforms) = postSolution
		{F3847153-18FB-4C2B-8C16-55E0606EC0FA}.Debug|Any CPU.ActiveCfg = Debug|Any CPU
		{F3847153-18FB-4C2B-8C16-55E0606EC0FA}.Debug|Any CPU.Build.0 = Debug|Any CPU
		{F3847153-18FB-4C2B-8C16-55E0606EC0FA}.Release|Any CPU.ActiveCfg = Release|Any CPU
		{F3847153-18FB-4C2B-8C16-55E0606EC0FA}.Release|Any CPU.Build.0 = Release|Any CPU
		{D6BEB3AE-04CA-4A0F-AFA9-2F7496E77A08}.Debug|Any CPU.ActiveCfg = Debug|Any CPU
		{D6BEB3AE-04CA-4A0F-AFA9-2F7496E77A08}.Debug|Any CPU.Build.0 = Debug|Any CPU
		{D6BEB3AE-04CA-4A0F-AFA9-2F7496E77A08}.Release|Any CPU.ActiveCfg = Release|Any CPU
		{D6BEB3AE-04CA-4A0F-AFA9-2F7496E77A08}.Release|Any CPU.Build.0 = Release|Any CPU
		{1D6E9DBC-AE68-400D-AAA9-7F1179AB3C16}.Debug|Any CPU.ActiveCfg = Debug|Any CPU
		{1D6E9DBC-AE68-400D-AAA9-7F1179AB3C16}.Debug|Any CPU.Build.0 = Debug|Any CPU
		{1D6E9DBC-AE68-400D-AAA9-7F1179AB3C16}.Release|Any CPU.ActiveCfg = Release|Any CPU
		{1D6E9DBC-AE68-400D-AAA9-7F1179AB3C16}.Release|Any CPU.Build.0 = Release|Any CPU
	EndGlobalSection
	GlobalSection(SolutionProperties) = preSolution
		HideSolutionNode = FALSE
	EndGlobalSection
EndGlobal
