
Microsoft Visual Studio Solution File, Format Version 12.00
# Visual Studio 2012
Project("{FAE04EC0-301F-11D3-BF4B-00C04F79EFBC}") = "deux joueurs A et B", "deux joueurs A et B\deux joueurs A et B.csproj", "{FE03E89D-0BEF-4B4C-A52C-6BAF82C5F807}"
EndProject
Global
	GlobalSection(SolutionConfigurationPlatforms) = preSolution
		Debug|Any CPU = Debug|Any CPU
		Release|Any CPU = Release|Any CPU
	EndGlobalSection
	GlobalSection(ProjectConfigurationPlatforms) = postSolution
		{FE03E89D-0BEF-4B4C-A52C-6BAF82C5F807}.Debug|Any CPU.ActiveCfg = Debug|Any CPU
		{FE03E89D-0BEF-4B4C-A52C-6BAF82C5F807}.Debug|Any CPU.Build.0 = Debug|Any CPU
		{FE03E89D-0BEF-4B4C-A52C-6BAF82C5F807}.Release|Any CPU.ActiveCfg = Release|Any CPU
		{FE03E89D-0BEF-4B4C-A52C-6BAF82C5F807}.Release|Any CPU.Build.0 = Release|Any CPU
	EndGlobalSection
	GlobalSection(SolutionProperties) = preSolution
		HideSolutionNode = FALSE
	EndGlobalSection
EndGlobal
